
Microsoft Visual Studio Solution File, Format Version 12.00
# Visual Studio Version 16
VisualStudioVersion = 16.0.29009.5
MinimumVisualStudioVersion = 10.0.40219.1
Project("{FAE04EC0-301F-11D3-BF4B-00C04F79EFBC}") = "CI_TEST", "CI_TEST\CI_TEST.csproj", "{61FAB24F-813A-4849-B673-3E3A0D9C369F}"
EndProject
Project("{FAE04EC0-301F-11D3-BF4B-00C04F79EFBC}") = "Not-Dot-Test", "Not-Dot-Test\Not-Dot-Test.csproj", "{3DFB36D0-99E4-4D9E-AE70-AC44EF8E6879}"
EndProject
Global
	GlobalSection(SolutionConfigurationPlatforms) = preSolution
		Debug|Any CPU = Debug|Any CPU
		Release|Any CPU = Release|Any CPU
	EndGlobalSection
	GlobalSection(ProjectConfigurationPlatforms) = postSolution
		{61FAB24F-813A-4849-B673-3E3A0D9C369F}.Debug|Any CPU.ActiveCfg = Debug|Any CPU
		{61FAB24F-813A-4849-B673-3E3A0D9C369F}.Debug|Any CPU.Build.0 = Debug|Any CPU
		{61FAB24F-813A-4849-B673-3E3A0D9C369F}.Release|Any CPU.ActiveCfg = Release|Any CPU
		{61FAB24F-813A-4849-B673-3E3A0D9C369F}.Release|Any CPU.Build.0 = Release|Any CPU
		{3DFB36D0-99E4-4D9E-AE70-AC44EF8E6879}.Debug|Any CPU.ActiveCfg = Debug|Any CPU
		{3DFB36D0-99E4-4D9E-AE70-AC44EF8E6879}.Debug|Any CPU.Build.0 = Debug|Any CPU
		{3DFB36D0-99E4-4D9E-AE70-AC44EF8E6879}.Release|Any CPU.ActiveCfg = Release|Any CPU
		{3DFB36D0-99E4-4D9E-AE70-AC44EF8E6879}.Release|Any CPU.Build.0 = Release|Any CPU
	EndGlobalSection
	GlobalSection(SolutionProperties) = preSolution
		HideSolutionNode = FALSE
	EndGlobalSection
	GlobalSection(ExtensibilityGlobals) = postSolution
		SolutionGuid = {A590B97A-4B18-49B7-AB25-B067DDF104FB}
	EndGlobalSection
EndGlobal
